// !$*UTF8*$!
{
	archiveVersion = 1;
	classes = {
	};
	objectVersion = 48;
	objects = {

/* Begin PBXBuildFile section */
		1395347BB9F5479046D532EE /* Pods_WJIndexTableView.framework in Frameworks */ = {isa = PBXBuildFile; fileRef = 84B1C294F410F0B446B0E033 /* Pods_WJIndexTableView.framework */; };
		7C3062CB1FF51B0600FDAF49 /* carInfo.json in Resources */ = {isa = PBXBuildFile; fileRef = 7C3062CA1FF51B0600FDAF49 /* carInfo.json */; };
		7D3B35381FF3B9E100C1513C /* VC.swift in Sources */ = {isa = PBXBuildFile; fileRef = 7D3B35341FF3B9E100C1513C /* VC.swift */; };
		7D3B35391FF3B9E100C1513C /* TableViewIndex.swift in Sources */ = {isa = PBXBuildFile; fileRef = 7D3B35351FF3B9E100C1513C /* TableViewIndex.swift */; };
		7D3B353A1FF3B9E100C1513C /* UIColor+Extension.swift in Sources */ = {isa = PBXBuildFile; fileRef = 7D3B35361FF3B9E100C1513C /* UIColor+Extension.swift */; };
		7D3B353B1FF3B9E100C1513C /* UIStackView+Extension.swift in Sources */ = {isa = PBXBuildFile; fileRef = 7D3B35371FF3B9E100C1513C /* UIStackView+Extension.swift */; };
		7D4146761FECDD6B0059BF83 /* AppDelegate.swift in Sources */ = {isa = PBXBuildFile; fileRef = 7D4146751FECDD6B0059BF83 /* AppDelegate.swift */; };
		7D4146781FECDD6B0059BF83 /* ViewController.swift in Sources */ = {isa = PBXBuildFile; fileRef = 7D4146771FECDD6B0059BF83 /* ViewController.swift */; };
		7D41467B1FECDD6B0059BF83 /* Main.storyboard in Resources */ = {isa = PBXBuildFile; fileRef = 7D4146791FECDD6B0059BF83 /* Main.storyboard */; };
		7D41467D1FECDD6B0059BF83 /* Assets.xcassets in Resources */ = {isa = PBXBuildFile; fileRef = 7D41467C1FECDD6B0059BF83 /* Assets.xcassets */; };
		7D4146801FECDD6B0059BF83 /* LaunchScreen.storyboard in Resources */ = {isa = PBXBuildFile; fileRef = 7D41467E1FECDD6B0059BF83 /* LaunchScreen.storyboard */; };
		7D4146891FECE1FD0059BF83 /* IndexCell.swift in Sources */ = {isa = PBXBuildFile; fileRef = 7D4146871FECE1FD0059BF83 /* IndexCell.swift */; };
		7D41468A1FECE1FD0059BF83 /* IndexCell.xib in Resources */ = {isa = PBXBuildFile; fileRef = 7D4146881FECE1FD0059BF83 /* IndexCell.xib */; };
		7DE804101FF1DFE5007AA2A3 /* WJIndexView.swift in Sources */ = {isa = PBXBuildFile; fileRef = 7DE8040F1FF1DFE5007AA2A3 /* WJIndexView.swift */; };
/* End PBXBuildFile section */

/* Begin PBXFileReference section */
		03C769A4D22B508E7B001307 /* Pods-WJIndexTableView.debug.xcconfig */ = {isa = PBXFileReference; includeInIndex = 1; lastKnownFileType = text.xcconfig; name = "Pods-WJIndexTableView.debug.xcconfig"; path = "Pods/Target Support Files/Pods-WJIndexTableView/Pods-WJIndexTableView.debug.xcconfig"; sourceTree = "<group>"; };
		7C3062CA1FF51B0600FDAF49 /* carInfo.json */ = {isa = PBXFileReference; fileEncoding = 4; lastKnownFileType = text.json; path = carInfo.json; sourceTree = "<group>"; };
		7D3B35341FF3B9E100C1513C /* VC.swift */ = {isa = PBXFileReference; fileEncoding = 4; lastKnownFileType = sourcecode.swift; path = VC.swift; sourceTree = "<group>"; };
		7D3B35351FF3B9E100C1513C /* TableViewIndex.swift */ = {isa = PBXFileReference; fileEncoding = 4; lastKnownFileType = sourcecode.swift; path = TableViewIndex.swift; sourceTree = "<group>"; };
		7D3B35361FF3B9E100C1513C /* UIColor+Extension.swift */ = {isa = PBXFileReference; fileEncoding = 4; lastKnownFileType = sourcecode.swift; path = "UIColor+Extension.swift"; sourceTree = "<group>"; };
		7D3B35371FF3B9E100C1513C /* UIStackView+Extension.swift */ = {isa = PBXFileReference; fileEncoding = 4; lastKnownFileType = sourcecode.swift; path = "UIStackView+Extension.swift"; sourceTree = "<group>"; };
		7D4146721FECDD6B0059BF83 /* WJIndexTableView.app */ = {isa = PBXFileReference; explicitFileType = wrapper.application; includeInIndex = 0; path = WJIndexTableView.app; sourceTree = BUILT_PRODUCTS_DIR; };
		7D4146751FECDD6B0059BF83 /* AppDelegate.swift */ = {isa = PBXFileReference; lastKnownFileType = sourcecode.swift; path = AppDelegate.swift; sourceTree = "<group>"; };
		7D4146771FECDD6B0059BF83 /* ViewController.swift */ = {isa = PBXFileReference; lastKnownFileType = sourcecode.swift; path = ViewController.swift; sourceTree = "<group>"; };
		7D41467A1FECDD6B0059BF83 /* Base */ = {isa = PBXFileReference; lastKnownFileType = file.storyboard; name = Base; path = Base.lproj/Main.storyboard; sourceTree = "<group>"; };
		7D41467C1FECDD6B0059BF83 /* Assets.xcassets */ = {isa = PBXFileReference; lastKnownFileType = folder.assetcatalog; path = Assets.xcassets; sourceTree = "<group>"; };
		7D41467F1FECDD6B0059BF83 /* Base */ = {isa = PBXFileReference; lastKnownFileType = file.storyboard; name = Base; path = Base.lproj/LaunchScreen.storyboard; sourceTree = "<group>"; };
		7D4146811FECDD6B0059BF83 /* Info.plist */ = {isa = PBXFileReference; lastKnownFileType = text.plist.xml; path = Info.plist; sourceTree = "<group>"; };
		7D4146871FECE1FD0059BF83 /* IndexCell.swift */ = {isa = PBXFileReference; lastKnownFileType = sourcecode.swift; path = IndexCell.swift; sourceTree = "<group>"; };
		7D4146881FECE1FD0059BF83 /* IndexCell.xib */ = {isa = PBXFileReference; lastKnownFileType = file.xib; path = IndexCell.xib; sourceTree = "<group>"; };
		7DE8040F1FF1DFE5007AA2A3 /* WJIndexView.swift */ = {isa = PBXFileReference; lastKnownFileType = sourcecode.swift; path = WJIndexView.swift; sourceTree = "<group>"; };
		84B1C294F410F0B446B0E033 /* Pods_WJIndexTableView.framework */ = {isa = PBXFileReference; explicitFileType = wrapper.framework; includeInIndex = 0; path = Pods_WJIndexTableView.framework; sourceTree = BUILT_PRODUCTS_DIR; };
		AAC01B4DF9F775D9FD996FE0 /* Pods-WJIndexTableView.release.xcconfig */ = {isa = PBXFileReference; includeInIndex = 1; lastKnownFileType = text.xcconfig; name = "Pods-WJIndexTableView.release.xcconfig"; path = "Pods/Target Support Files/Pods-WJIndexTableView/Pods-WJIndexTableView.release.xcconfig"; sourceTree = "<group>"; };
/* End PBXFileReference section */

/* Begin PBXFrameworksBuildPhase section */
		7D41466F1FECDD6B0059BF83 /* Frameworks */ = {
			isa = PBXFrameworksBuildPhase;
			buildActionMask = 2147483647;
			files = (
				1395347BB9F5479046D532EE /* Pods_WJIndexTableView.framework in Frameworks */,
			);
			runOnlyForDeploymentPostprocessing = 0;
		};
/* End PBXFrameworksBuildPhase section */

/* Begin PBXGroup section */
		7D4146691FECDD6B0059BF83 = {
			isa = PBXGroup;
			children = (
				7D4146741FECDD6B0059BF83 /* WJIndexTableView */,
				7D4146731FECDD6B0059BF83 /* Products */,
				9213F5DDB3852DF9A9037335 /* Pods */,
				7DA71C7A2F5CFFCEDF41377B /* Frameworks */,
			);
			sourceTree = "<group>";
		};
		7D4146731FECDD6B0059BF83 /* Products */ = {
			isa = PBXGroup;
			children = (
				7D4146721FECDD6B0059BF83 /* WJIndexTableView.app */,
			);
			name = Products;
			sourceTree = "<group>";
		};
		7D4146741FECDD6B0059BF83 /* WJIndexTableView */ = {
			isa = PBXGroup;
			children = (
				7D3B35351FF3B9E100C1513C /* TableViewIndex.swift */,
				7D3B35361FF3B9E100C1513C /* UIColor+Extension.swift */,
				7D3B35371FF3B9E100C1513C /* UIStackView+Extension.swift */,
				7D3B35341FF3B9E100C1513C /* VC.swift */,
				7C3062CA1FF51B0600FDAF49 /* carInfo.json */,
				7D4146751FECDD6B0059BF83 /* AppDelegate.swift */,
				7D4146771FECDD6B0059BF83 /* ViewController.swift */,
				7DE8040F1FF1DFE5007AA2A3 /* WJIndexView.swift */,
				7D4146871FECE1FD0059BF83 /* IndexCell.swift */,
				7D4146881FECE1FD0059BF83 /* IndexCell.xib */,
				7D4146791FECDD6B0059BF83 /* Main.storyboard */,
				7D41467C1FECDD6B0059BF83 /* Assets.xcassets */,
				7D41467E1FECDD6B0059BF83 /* LaunchScreen.storyboard */,
				7D4146811FECDD6B0059BF83 /* Info.plist */,
			);
			path = WJIndexTableView;
			sourceTree = "<group>";
		};
		7DA71C7A2F5CFFCEDF41377B /* Frameworks */ = {
			isa = PBXGroup;
			children = (
				84B1C294F410F0B446B0E033 /* Pods_WJIndexTableView.framework */,
			);
			name = Frameworks;
			sourceTree = "<group>";
		};
		9213F5DDB3852DF9A9037335 /* Pods */ = {
			isa = PBXGroup;
			children = (
				03C769A4D22B508E7B001307 /* Pods-WJIndexTableView.debug.xcconfig */,
				AAC01B4DF9F775D9FD996FE0 /* Pods-WJIndexTableView.release.xcconfig */,
			);
			name = Pods;
			sourceTree = "<group>";
		};
/* End PBXGroup section */

/* Begin PBXNativeTarget section */
		7D4146711FECDD6B0059BF83 /* WJIndexTableView */ = {
			isa = PBXNativeTarget;
			buildConfigurationList = 7D4146841FECDD6B0059BF83 /* Build configuration list for PBXNativeTarget "WJIndexTableView" */;
			buildPhases = (
				8C08BA2B6CA0864DECD08A7F /* [CP] Check Pods Manifest.lock */,
				7D41466E1FECDD6B0059BF83 /* Sources */,
				7D41466F1FECDD6B0059BF83 /* Frameworks */,
				7D4146701FECDD6B0059BF83 /* Resources */,
				91696D299C9A3B7181CE0F89 /* [CP] Embed Pods Frameworks */,
				1CC3727A3244962136566B2D /* [CP] Copy Pods Resources */,
			);
			buildRules = (
			);
			dependencies = (
			);
			name = WJIndexTableView;
			productName = WJIndexTableView;
			productReference = 7D4146721FECDD6B0059BF83 /* WJIndexTableView.app */;
			productType = "com.apple.product-type.application";
		};
/* End PBXNativeTarget section */

/* Begin PBXProject section */
		7D41466A1FECDD6B0059BF83 /* Project object */ = {
			isa = PBXProject;
			attributes = {
				LastSwiftUpdateCheck = 0920;
				LastUpgradeCheck = 0920;
				ORGANIZATIONNAME = wjq;
				TargetAttributes = {
					7D4146711FECDD6B0059BF83 = {
						CreatedOnToolsVersion = 9.2;
						ProvisioningStyle = Automatic;
					};
				};
			};
			buildConfigurationList = 7D41466D1FECDD6B0059BF83 /* Build configuration list for PBXProject "WJIndexTableView" */;
			compatibilityVersion = "Xcode 8.0";
			developmentRegion = en;
			hasScannedForEncodings = 0;
			knownRegions = (
				en,
				Base,
			);
			mainGroup = 7D4146691FECDD6B0059BF83;
			productRefGroup = 7D4146731FECDD6B0059BF83 /* Products */;
			projectDirPath = "";
			projectRoot = "";
			targets = (
				7D4146711FECDD6B0059BF83 /* WJIndexTableView */,
			);
		};
/* End PBXProject section */

/* Begin PBXResourcesBuildPhase section */
		7D4146701FECDD6B0059BF83 /* Resources */ = {
			isa = PBXResourcesBuildPhase;
			buildActionMask = 2147483647;
			files = (
				7D4146801FECDD6B0059BF83 /* LaunchScreen.storyboard in Resources */,
				7D41467D1FECDD6B0059BF83 /* Assets.xcassets in Resources */,
				7C3062CB1FF51B0600FDAF49 /* carInfo.json in Resources */,
				7D41468A1FECE1FD0059BF83 /* IndexCell.xib in Resources */,
				7D41467B1FECDD6B0059BF83 /* Main.storyboard in Resources */,
			);
			runOnlyForDeploymentPostprocessing = 0;
		};
/* End PBXResourcesBuildPhase section */

/* Begin PBXShellScriptBuildPhase section */
		1CC3727A3244962136566B2D /* [CP] Copy Pods Resources */ = {
			isa = PBXShellScriptBuildPhase;
			buildActionMask = 2147483647;
			files = (
			);
			inputPaths = (
			);
			name = "[CP] Copy Pods Resources";
			outputPaths = (
			);
			runOnlyForDeploymentPostprocessing = 0;
			shellPath = /bin/sh;
			shellScript = "\"${SRCROOT}/Pods/Target Support Files/Pods-WJIndexTableView/Pods-WJIndexTableView-resources.sh\"\n";
			showEnvVarsInLog = 0;
		};
		8C08BA2B6CA0864DECD08A7F /* [CP] Check Pods Manifest.lock */ = {
			isa = PBXShellScriptBuildPhase;
			buildActionMask = 2147483647;
			files = (
			);
			inputPaths = (
				"${PODS_PODFILE_DIR_PATH}/Podfile.lock",
				"${PODS_ROOT}/Manifest.lock",
			);
			name = "[CP] Check Pods Manifest.lock";
			outputPaths = (
				"$(DERIVED_FILE_DIR)/Pods-WJIndexTableView-checkManifestLockResult.txt",
			);
			runOnlyForDeploymentPostprocessing = 0;
			shellPath = /bin/sh;
			shellScript = "diff \"${PODS_PODFILE_DIR_PATH}/Podfile.lock\" \"${PODS_ROOT}/Manifest.lock\" > /dev/null\nif [ $? != 0 ] ; then\n    # print error to STDERR\n    echo \"error: The sandbox is not in sync with the Podfile.lock. Run 'pod install' or update your CocoaPods installation.\" >&2\n    exit 1\nfi\n# This output is used by Xcode 'outputs' to avoid re-running this script phase.\necho \"SUCCESS\" > \"${SCRIPT_OUTPUT_FILE_0}\"\n";
			showEnvVarsInLog = 0;
		};
		91696D299C9A3B7181CE0F89 /* [CP] Embed Pods Frameworks */ = {
			isa = PBXShellScriptBuildPhase;
			buildActionMask = 2147483647;
			files = (
			);
			inputPaths = (
				"${SRCROOT}/Pods/Target Support Files/Pods-WJIndexTableView/Pods-WJIndexTableView-frameworks.sh",
				"${BUILT_PRODUCTS_DIR}/Alamofire/Alamofire.framework",
				"${BUILT_PRODUCTS_DIR}/SnapKit/SnapKit.framework",
			);
			name = "[CP] Embed Pods Frameworks";
			outputPaths = (
				"${TARGET_BUILD_DIR}/${FRAMEWORKS_FOLDER_PATH}/Alamofire.framework",
				"${TARGET_BUILD_DIR}/${FRAMEWORKS_FOLDER_PATH}/SnapKit.framework",
			);
			runOnlyForDeploymentPostprocessing = 0;
			shellPath = /bin/sh;
			shellScript = "\"${SRCROOT}/Pods/Target Support Files/Pods-WJIndexTableView/Pods-WJIndexTableView-frameworks.sh\"\n";
			showEnvVarsInLog = 0;
		};
/* End PBXShellScriptBuildPhase section */

/* Begin PBXSourcesBuildPhase section */
		7D41466E1FECDD6B0059BF83 /* Sources */ = {
			isa = PBXSourcesBuildPhase;
			buildActionMask = 2147483647;
			files = (
				7D3B353A1FF3B9E100C1513C /* UIColor+Extension.swift in Sources */,
				7D3B35391FF3B9E100C1513C /* TableViewIndex.swift in Sources */,
				7DE804101FF1DFE5007AA2A3 /* WJIndexView.swift in Sources */,
				7D4146781FECDD6B0059BF83 /* ViewController.swift in Sources */,
				7D4146761FECDD6B0059BF83 /* AppDelegate.swift in Sources */,
				7D3B353B1FF3B9E100C1513C /* UIStackView+Extension.swift in Sources */,
				7D3B35381FF3B9E100C1513C /* VC.swift in Sources */,
				7D4146891FECE1FD0059BF83 /* IndexCell.swift in Sources */,
			);
			runOnlyForDeploymentPostprocessing = 0;
		};
/* End PBXSourcesBuildPhase section */

/* Begin PBXVariantGroup section */
		7D4146791FECDD6B0059BF83 /* Main.storyboard */ = {
			isa = PBXVariantGroup;
			children = (
				7D41467A1FECDD6B0059BF83 /* Base */,
			);
			name = Main.storyboard;
			sourceTree = "<group>";
		};
		7D41467E1FECDD6B0059BF83 /* LaunchScreen.storyboard */ = {
			isa = PBXVariantGroup;
			children = (
				7D41467F1FECDD6B0059BF83 /* Base */,
			);
			name = LaunchScreen.storyboard;
			sourceTree = "<group>";
		};
/* End PBXVariantGroup section */

/* Begin XCBuildConfiguration section */
		7D4146821FECDD6B0059BF83 /* Debug */ = {
			isa = XCBuildConfiguration;
			buildSettings = {
				ALWAYS_SEARCH_USER_PATHS = NO;
				CLANG_ANALYZER_NONNULL = YES;
				CLANG_ANALYZER_NUMBER_OBJECT_CONVERSION = YES_AGGRESSIVE;
				CLANG_CXX_LANGUAGE_STANDARD = "gnu++14";
				CLANG_CXX_LIBRARY = "libc++";
				CLANG_ENABLE_MODULES = YES;
				CLANG_ENABLE_OBJC_ARC = YES;
				CLANG_WARN_BLOCK_CAPTURE_AUTORELEASING = YES;
				CLANG_WARN_BOOL_CONVERSION = YES;
				CLANG_WARN_COMMA = YES;
				CLANG_WARN_CONSTANT_CONVERSION = YES;
				CLANG_WARN_DIRECT_OBJC_ISA_USAGE = YES_ERROR;
				CLANG_WARN_DOCUMENTATION_COMMENTS = YES;
				CLANG_WARN_EMPTY_BODY = YES;
				CLANG_WARN_ENUM_CONVERSION = YES;
				CLANG_WARN_INFINITE_RECURSION = YES;
				CLANG_WARN_INT_CONVERSION = YES;
				CLANG_WARN_NON_LITERAL_NULL_CONVERSION = YES;
				CLANG_WARN_OBJC_LITERAL_CONVERSION = YES;
				CLANG_WARN_OBJC_ROOT_CLASS = YES_ERROR;
				CLANG_WARN_RANGE_LOOP_ANALYSIS = YES;
				CLANG_WARN_STRICT_PROTOTYPES = YES;
				CLANG_WARN_SUSPICIOUS_MOVE = YES;
				CLANG_WARN_UNGUARDED_AVAILABILITY = YES_AGGRESSIVE;
				CLANG_WARN_UNREACHABLE_CODE = YES;
				CLANG_WARN__DUPLICATE_METHOD_MATCH = YES;
				CODE_SIGN_IDENTITY = "iPhone Developer";
				COPY_PHASE_STRIP = NO;
				DEBUG_INFORMATION_FORMAT = dwarf;
				ENABLE_STRICT_OBJC_MSGSEND = YES;
				ENABLE_TESTABILITY = YES;
				GCC_C_LANGUAGE_STANDARD = gnu11;
				GCC_DYNAMIC_NO_PIC = NO;
				GCC_NO_COMMON_BLOCKS = YES;
				GCC_OPTIMIZATION_LEVEL = 0;
				GCC_PREPROCESSOR_DEFINITIONS = (
					"DEBUG=1",
					"$(inherited)",
				);
				GCC_WARN_64_TO_32_BIT_CONVERSION = YES;
				GCC_WARN_ABOUT_RETURN_TYPE = YES_ERROR;
				GCC_WARN_UNDECLARED_SELECTOR = YES;
				GCC_WARN_UNINITIALIZED_AUTOS = YES_AGGRESSIVE;
				GCC_WARN_UNUSED_FUNCTION = YES;
				GCC_WARN_UNUSED_VARIABLE = YES;
				IPHONEOS_DEPLOYMENT_TARGET = 11.2;
				MTL_ENABLE_DEBUG_INFO = YES;
				ONLY_ACTIVE_ARCH = YES;
				SDKROOT = iphoneos;
				SWIFT_ACTIVE_COMPILATION_CONDITIONS = DEBUG;
				SWIFT_OPTIMIZATION_LEVEL = "-Onone";
			};
			name = Debug;
		};
		7D4146831FECDD6B0059BF83 /* Release */ = {
			isa = XCBuildConfiguration;
			buildSettings = {
				ALWAYS_SEARCH_USER_PATHS = NO;
				CLANG_ANALYZER_NONNULL = YES;
				CLANG_ANALYZER_NUMBER_OBJECT_CONVERSION = YES_AGGRESSIVE;
				CLANG_CXX_LANGUAGE_STANDARD = "gnu++14";
				CLANG_CXX_LIBRARY = "libc++";
				CLANG_ENABLE_MODULES = YES;
				CLANG_ENABLE_OBJC_ARC = YES;
				CLANG_WARN_BLOCK_CAPTURE_AUTORELEASING = YES;
				CLANG_WARN_BOOL_CONVERSION = YES;
				CLANG_WARN_COMMA = YES;
				CLANG_WARN_CONSTANT_CONVERSION = YES;
				CLANG_WARN_DIRECT_OBJC_ISA_USAGE = YES_ERROR;
				CLANG_WARN_DOCUMENTATION_COMMENTS = YES;
				CLANG_WARN_EMPTY_BODY = YES;
				CLANG_WARN_ENUM_CONVERSION = YES;
				CLANG_WARN_INFINITE_RECURSION = YES;
				CLANG_WARN_INT_CONVERSION = YES;
				CLANG_WARN_NON_LITERAL_NULL_CONVERSION = YES;
				CLANG_WARN_OBJC_LITERAL_CONVERSION = YES;
				CLANG_WARN_OBJC_ROOT_CLASS = YES_ERROR;
				CLANG_WARN_RANGE_LOOP_ANALYSIS = YES;
				CLANG_WARN_STRICT_PROTOTYPES = YES;
				CLANG_WARN_SUSPICIOUS_MOVE = YES;
				CLANG_WARN_UNGUARDED_AVAILABILITY = YES_AGGRESSIVE;
				CLANG_WARN_UNREACHABLE_CODE = YES;
				CLANG_WARN__DUPLICATE_METHOD_MATCH = YES;
				CODE_SIGN_IDENTITY = "iPhone Developer";
				COPY_PHASE_STRIP = NO;
				DEBUG_INFORMATION_FORMAT = "dwarf-with-dsym";
				ENABLE_NS_ASSERTIONS = NO;
				ENABLE_STRICT_OBJC_MSGSEND = YES;
				GCC_C_LANGUAGE_STANDARD = gnu11;
				GCC_NO_COMMON_BLOCKS = YES;
				GCC_WARN_64_TO_32_BIT_CONVERSION = YES;
				GCC_WARN_ABOUT_RETURN_TYPE = YES_ERROR;
				GCC_WARN_UNDECLARED_SELECTOR = YES;
				GCC_WARN_UNINITIALIZED_AUTOS = YES_AGGRESSIVE;
				GCC_WARN_UNUSED_FUNCTION = YES;
				GCC_WARN_UNUSED_VARIABLE = YES;
				IPHONEOS_DEPLOYMENT_TARGET = 11.2;
				MTL_ENABLE_DEBUG_INFO = NO;
				SDKROOT = iphoneos;
				SWIFT_OPTIMIZATION_LEVEL = "-Owholemodule";
				VALIDATE_PRODUCT = YES;
			};
			name = Release;
		};
		7D4146851FECDD6B0059BF83 /* Debug */ = {
			isa = XCBuildConfiguration;
			baseConfigurationReference = 03C769A4D22B508E7B001307 /* Pods-WJIndexTableView.debug.xcconfig */;
			buildSettings = {
				ASSETCATALOG_COMPILER_APPICON_NAME = AppIcon;
				CODE_SIGN_STYLE = Automatic;
				DEVELOPMENT_TEAM = KCN8UWT8XC;
				INFOPLIST_FILE = WJIndexTableView/Info.plist;
				IPHONEOS_DEPLOYMENT_TARGET = 9.0;
				LD_RUNPATH_SEARCH_PATHS = "$(inherited) @executable_path/Frameworks";
				PRODUCT_BUNDLE_IDENTIFIER = ulinix.WJIndexTableView;
				PRODUCT_NAME = "$(TARGET_NAME)";
				SWIFT_VERSION = 4.0;
				TARGETED_DEVICE_FAMILY = 1;
			};
			name = Debug;
		};
		7D4146861FECDD6B0059BF83 /* Release */ = {
			isa = XCBuildConfiguration;
			baseConfigurationReference = AAC01B4DF9F775D9FD996FE0 /* Pods-WJIndexTableView.release.xcconfig */;
			buildSettings = {
				ASSETCATALOG_COMPILER_APPICON_NAME = AppIcon;
				CODE_SIGN_STYLE = Automatic;
				DEVELOPMENT_TEAM = KCN8UWT8XC;
				INFOPLIST_FILE = WJIndexTableView/Info.plist;
				IPHONEOS_DEPLOYMENT_TARGET = 9.0;
				LD_RUNPATH_SEARCH_PATHS = "$(inherited) @executable_path/Frameworks";
				PRODUCT_BUNDLE_IDENTIFIER = ulinix.WJIndexTableView;
				PRODUCT_NAME = "$(TARGET_NAME)";
				SWIFT_VERSION = 4.0;
				TARGETED_DEVICE_FAMILY = 1;
			};
			name = Release;
		};
/* End XCBuildConfiguration section */

/* Begin XCConfigurationList section */
		7D41466D1FECDD6B0059BF83 /* Build configuration list for PBXProject "WJIndexTableView" */ = {
			isa = XCConfigurationList;
			buildConfigurations = (
				7D4146821FECDD6B0059BF83 /* Debug */,
				7D4146831FECDD6B0059BF83 /* Release */,
			);
			defaultConfigurationIsVisible = 0;
			defaultConfigurationName = Release;
		};
		7D4146841FECDD6B0059BF83 /* Build configuration list for PBXNativeTarget "WJIndexTableView" */ = {
			isa = XCConfigurationList;
			buildConfigurations = (
				7D4146851FECDD6B0059BF83 /* Debug */,
				7D4146861FECDD6B0059BF83 /* Release */,
			);
			defaultConfigurationIsVisible = 0;
			defaultConfigurationName = Release;
		};
/* End XCConfigurationList section */
	};
	rootObject = 7D41466A1FECDD6B0059BF83 /* Project object */;
}
